{
  "meteor": {},
  "dependencies": {
    "basePackages": {
      "cucumber": {
        "path": ".."
      },
      "cucumber-selenium": {
        "git": "https://github.com/xdissent/meteor-cucumber-selenium.git",
        "branch": "master"
      },
      "cucumber-protractor": {
        "git": "https://github.com/xdissent/meteor-cucumber-protractor.git",
        "branch": "master"
      },
      "velocity": {
        "git": "https://github.com/xdissent/velocity.git",
        "branch": "feature/mirror"
      }
    },
    "packages": {
      "cucumber": {
        "path": ".."
      },
      "cucumber-selenium": {
        "git": "https://github.com/xdissent/meteor-cucumber-selenium.git",
        "branch": "master",
        "commit": "23fb68597f267bdc3680a257914fa7f4c35f3132"
      },
      "cucumber-protractor": {
        "git": "https://github.com/xdissent/meteor-cucumber-protractor.git",
        "branch": "master",
        "commit": "15489a305a9abb07c5558c5bfe909d2f50f8c693"
      },
      "velocity": {
        "git": "https://github.com/xdissent/velocity.git",
        "branch": "feature/mirror",
        "commit": "ebadef88383ecd07c1eba4c2d68a24a790c7c512"
      },
      "mirror": {
        "git": "https://github.com/xdissent/meteor-mirror.git",
        "tag": "v0.0.2",
        "commit": "03d965dcab2f976a1fdc6ce513edcd4c17b75746"
      },
      "selenium": {
        "git": "https://github.com/xdissent/meteor-selenium.git",
        "tag": "v0.0.1",
        "commit": "7cb139816c0779a9518e55aa6b87686c6e01f3e8"
      }
    }
  }
}
