{
  "dependencies": {
    "chokidar": {
      "version": "0.8.2",
      "dependencies": {
        "fsevents": {
          "version": "0.2.0",
          "dependencies": {
            "nan": {
              "version": "0.8.0"
            }
          }
        },
        "recursive-readdir": {
          "version": "0.0.2"
        }
      }
    },
    "cucumber": {
      "version": "0.4.0",
      "dependencies": {
        "gherkin": {
          "version": "2.12.2"
        },
        "browserify": {
          "version": "1.15.5",
          "dependencies": {
            "detective": {
              "version": "0.2.1",
              "dependencies": {
                "esprima": {
                  "version": "0.9.9"
                }
              }
            },
            "buffer-browserify": {
              "version": "0.0.5",
              "dependencies": {
                "base64-js": {
                  "version": "0.0.2"
                }
              }
            },
            "deputy": {
              "version": "0.0.4",
              "dependencies": {
                "mkdirp": {
                  "version": "0.3.5"
                }
              }
            },
            "syntax-error": {
              "version": "0.0.1",
              "dependencies": {
                "esprima": {
                  "version": "0.9.9"
                }
              }
            },
            "resolve": {
              "version": "0.2.8"
            },
            "nub": {
              "version": "0.0.0"
            },
            "commondir": {
              "version": "0.0.1"
            },
            "optimist": {
              "version": "0.3.7",
              "dependencies": {
                "wordwrap": {
                  "version": "0.0.2"
                }
              }
            },
            "http-browserify": {
              "version": "0.1.14",
              "dependencies": {
                "concat-stream": {
                  "version": "1.0.1",
                  "dependencies": {
                    "bops": {
                      "version": "0.0.6",
                      "dependencies": {
                        "base64-js": {
                          "version": "0.0.2"
                        },
                        "to-utf8": {
                          "version": "0.0.1"
                        }
                      }
                    }
                  }
                },
                "Base64": {
                  "version": "0.1.4"
                }
              }
            },
            "vm-browserify": {
              "version": "0.0.4",
              "dependencies": {
                "indexof": {
                  "version": "0.0.1"
                }
              }
            },
            "crypto-browserify": {
              "version": "0.4.0"
            }
          }
        },
        "nopt": {
          "version": "2.1.2",
          "dependencies": {
            "abbrev": {
              "version": "1.0.5"
            }
          }
        },
        "underscore": {
          "version": "1.5.2"
        },
        "underscore.string": {
          "version": "2.3.3"
        },
        "cucumber-html": {
          "version": "0.2.3"
        },
        "walkdir": {
          "version": "0.0.7"
        },
        "coffee-script": {
          "version": "1.7.1",
          "dependencies": {
            "mkdirp": {
              "version": "0.3.5"
            }
          }
        },
        "pogo": {
          "version": "0.5.1",
          "dependencies": {
            "underscore": {
              "version": "1.4.4"
            },
            "uglify-js": {
              "version": "2.2.4",
              "dependencies": {
                "source-map": {
                  "version": "0.1.33",
                  "dependencies": {
                    "amdefine": {
                      "version": "0.1.0"
                    }
                  }
                },
                "optimist": {
                  "version": "0.3.7",
                  "dependencies": {
                    "wordwrap": {
                      "version": "0.0.2"
                    }
                  }
                }
              }
            }
          }
        }
      }
    },
    "disrequire": {
      "version": "https://github.com/xdissent/disrequire/archive/v0.0.0.tar.gz#a39214c33c8e4c3a839e4f38b7e8c162b6220ab1"
    },
    "protractor": {
      "version": "0.22.0",
      "dependencies": {
        "selenium-webdriver": {
          "version": "2.41.0"
        },
        "minijasminenode": {
          "version": "0.4.0"
        },
        "saucelabs": {
          "version": "0.1.1"
        },
        "glob": {
          "version": "3.2.9",
          "dependencies": {
            "minimatch": {
              "version": "0.2.14",
              "dependencies": {
                "lru-cache": {
                  "version": "2.5.0"
                },
                "sigmund": {
                  "version": "1.0.0"
                }
              }
            },
            "inherits": {
              "version": "2.0.1"
            }
          }
        },
        "adm-zip": {
          "version": "0.4.4"
        },
        "optimist": {
          "version": "0.6.1",
          "dependencies": {
            "wordwrap": {
              "version": "0.0.2"
            },
            "minimist": {
              "version": "0.0.9"
            }
          }
        },
        "q": {
          "version": "1.0.0"
        },
        "lodash": {
          "version": "2.4.1"
        }
      }
    },
    "zombie": {
      "version": "2.0.0-alpha31",
      "dependencies": {
        "encoding": {
          "version": "0.1.7",
          "dependencies": {
            "iconv-lite": {
              "version": "0.2.11"
            }
          }
        },
        "eventsource": {
          "version": "0.0.10"
        },
        "html5": {
          "version": "0.3.14",
          "dependencies": {
            "opts": {
              "version": "1.2.2"
            },
            "html5-entities": {
              "version": "0.5.1"
            }
          }
        },
        "jsdom": {
          "version": "0.8.11",
          "dependencies": {
            "htmlparser2": {
              "version": "3.7.1",
              "dependencies": {
                "domhandler": {
                  "version": "2.2.0"
                },
                "domutils": {
                  "version": "1.4.3"
                },
                "domelementtype": {
                  "version": "1.1.1"
                },
                "readable-stream": {
                  "version": "1.1.13-1",
                  "dependencies": {
                    "core-util-is": {
                      "version": "1.0.1"
                    },
                    "isarray": {
                      "version": "0.0.1"
                    },
                    "string_decoder": {
                      "version": "0.10.25-1"
                    },
                    "inherits": {
                      "version": "2.0.1"
                    }
                  }
                },
                "entities": {
                  "version": "1.0.0"
                }
              }
            },
            "nwmatcher": {
              "version": "1.3.3"
            },
            "xmlhttprequest": {
              "version": "1.6.0"
            },
            "cssom": {
              "version": "0.3.0"
            },
            "cssstyle": {
              "version": "0.2.11"
            },
            "contextify": {
              "version": "0.1.7",
              "dependencies": {
                "bindings": {
                  "version": "1.2.0"
                },
                "nan": {
                  "version": "0.8.0"
                }
              }
            }
          }
        },
        "mime": {
          "version": "1.2.11"
        },
        "ms": {
          "version": "0.6.2"
        },
        "q": {
          "version": "1.0.0"
        },
        "request": {
          "version": "2.34.0",
          "dependencies": {
            "qs": {
              "version": "0.6.6"
            },
            "json-stringify-safe": {
              "version": "5.0.0"
            },
            "forever-agent": {
              "version": "0.5.2"
            },
            "node-uuid": {
              "version": "1.4.1"
            },
            "form-data": {
              "version": "0.1.2",
              "dependencies": {
                "combined-stream": {
                  "version": "0.0.4",
                  "dependencies": {
                    "delayed-stream": {
                      "version": "0.0.5"
                    }
                  }
                },
                "async": {
                  "version": "0.2.10"
                }
              }
            },
            "tunnel-agent": {
              "version": "0.3.0"
            },
            "http-signature": {
              "version": "0.10.0",
              "dependencies": {
                "assert-plus": {
                  "version": "0.1.2"
                },
                "asn1": {
                  "version": "0.1.11"
                },
                "ctype": {
                  "version": "0.5.2"
                }
              }
            },
            "oauth-sign": {
              "version": "0.3.0"
            },
            "hawk": {
              "version": "1.0.0",
              "dependencies": {
                "hoek": {
                  "version": "0.9.1"
                },
                "boom": {
                  "version": "0.4.2"
                },
                "cryptiles": {
                  "version": "0.2.2"
                },
                "sntp": {
                  "version": "0.2.4"
                }
              }
            },
            "aws-sign2": {
              "version": "0.5.0"
            }
          }
        },
        "tough-cookie": {
          "version": "0.12.1",
          "dependencies": {
            "punycode": {
              "version": "1.2.4"
            }
          }
        },
        "ws": {
          "version": "0.4.31",
          "dependencies": {
            "commander": {
              "version": "0.6.1"
            },
            "nan": {
              "version": "0.3.2"
            },
            "tinycolor": {
              "version": "0.0.1"
            },
            "options": {
              "version": "0.0.5"
            }
          }
        }
      }
    }
  }
}
